
Microsoft Visual Studio Solution File, Format Version 12.00
# Visual Studio 14
VisualStudioVersion = 14.0.25420.1
MinimumVisualStudioVersion = 10.0.40219.1
Project("{8BC9CEB8-8B4A-11D0-8D11-00A0C91BC942}") = "abstract_interface", "abstract_interface\abstract_interface.vcxproj", "{B4BCF0CA-C761-46FD-BF8E-8541CDAE2E90}"
EndProject
Project("{8BC9CEB8-8B4A-11D0-8D11-00A0C91BC942}") = "singleton_pattern", "..\singleton_pattern\singleton_pattern.vcxproj", "{C07D6560-E888-4199-8EE4-80CC74F70BDF}"
EndProject
Project("{8BC9CEB8-8B4A-11D0-8D11-00A0C91BC942}") = "factory_pattern", "..\factory_pattern\factory_pattern.vcxproj", "{E9AC0FF4-14BE-45AC-A3EA-7A86EF54F249}"
EndProject
Project("{8BC9CEB8-8B4A-11D0-8D11-00A0C91BC942}") = "adapter_patter", "..\adapter_patter\adapter_patter.vcxproj", "{F013E54D-71A2-4EFE-AD31-50C1CA806723}"
EndProject
Project("{8BC9CEB8-8B4A-11D0-8D11-00A0C91BC942}") = "proxy_pattern", "..\proxy_pattern\proxy_pattern.vcxproj", "{815652E5-56A4-4828-A70E-A91879049756}"
EndProject
Project("{8BC9CEB8-8B4A-11D0-8D11-00A0C91BC942}") = "strategy_pattern", "..\strategy_pattern\strategy_pattern.vcxproj", "{46D80B90-0ACE-4DCB-AE43-05765C34B1AE}"
EndProject
Project("{8BC9CEB8-8B4A-11D0-8D11-00A0C91BC942}") = "Iterator_pattern", "..\Iterator_pattern\Iterator_pattern.vcxproj", "{FE27380E-828E-4A49-8FAB-5D00C03205F3}"
EndProject
Global
	GlobalSection(SolutionConfigurationPlatforms) = preSolution
		Debug|x64 = Debug|x64
		Debug|x86 = Debug|x86
		Release|x64 = Release|x64
		Release|x86 = Release|x86
	EndGlobalSection
	GlobalSection(ProjectConfigurationPlatforms) = postSolution
		{B4BCF0CA-C761-46FD-BF8E-8541CDAE2E90}.Debug|x64.ActiveCfg = Debug|x64
		{B4BCF0CA-C761-46FD-BF8E-8541CDAE2E90}.Debug|x64.Build.0 = Debug|x64
		{B4BCF0CA-C761-46FD-BF8E-8541CDAE2E90}.Debug|x86.ActiveCfg = Debug|Win32
		{B4BCF0CA-C761-46FD-BF8E-8541CDAE2E90}.Debug|x86.Build.0 = Debug|Win32
		{B4BCF0CA-C761-46FD-BF8E-8541CDAE2E90}.Release|x64.ActiveCfg = Release|x64
		{B4BCF0CA-C761-46FD-BF8E-8541CDAE2E90}.Release|x64.Build.0 = Release|x64
		{B4BCF0CA-C761-46FD-BF8E-8541CDAE2E90}.Release|x86.ActiveCfg = Release|Win32
		{B4BCF0CA-C761-46FD-BF8E-8541CDAE2E90}.Release|x86.Build.0 = Release|Win32
		{C07D6560-E888-4199-8EE4-80CC74F70BDF}.Debug|x64.ActiveCfg = Debug|x64
		{C07D6560-E888-4199-8EE4-80CC74F70BDF}.Debug|x64.Build.0 = Debug|x64
		{C07D6560-E888-4199-8EE4-80CC74F70BDF}.Debug|x86.ActiveCfg = Debug|Win32
		{C07D6560-E888-4199-8EE4-80CC74F70BDF}.Debug|x86.Build.0 = Debug|Win32
		{C07D6560-E888-4199-8EE4-80CC74F70BDF}.Release|x64.ActiveCfg = Release|x64
		{C07D6560-E888-4199-8EE4-80CC74F70BDF}.Release|x64.Build.0 = Release|x64
		{C07D6560-E888-4199-8EE4-80CC74F70BDF}.Release|x86.ActiveCfg = Release|Win32
		{C07D6560-E888-4199-8EE4-80CC74F70BDF}.Release|x86.Build.0 = Release|Win32
		{E9AC0FF4-14BE-45AC-A3EA-7A86EF54F249}.Debug|x64.ActiveCfg = Debug|x64
		{E9AC0FF4-14BE-45AC-A3EA-7A86EF54F249}.Debug|x64.Build.0 = Debug|x64
		{E9AC0FF4-14BE-45AC-A3EA-7A86EF54F249}.Debug|x86.ActiveCfg = Debug|Win32
		{E9AC0FF4-14BE-45AC-A3EA-7A86EF54F249}.Debug|x86.Build.0 = Debug|Win32
		{E9AC0FF4-14BE-45AC-A3EA-7A86EF54F249}.Release|x64.ActiveCfg = Release|x64
		{E9AC0FF4-14BE-45AC-A3EA-7A86EF54F249}.Release|x64.Build.0 = Release|x64
		{E9AC0FF4-14BE-45AC-A3EA-7A86EF54F249}.Release|x86.ActiveCfg = Release|Win32
		{E9AC0FF4-14BE-45AC-A3EA-7A86EF54F249}.Release|x86.Build.0 = Release|Win32
		{F013E54D-71A2-4EFE-AD31-50C1CA806723}.Debug|x64.ActiveCfg = Debug|x64
		{F013E54D-71A2-4EFE-AD31-50C1CA806723}.Debug|x64.Build.0 = Debug|x64
		{F013E54D-71A2-4EFE-AD31-50C1CA806723}.Debug|x86.ActiveCfg = Debug|Win32
		{F013E54D-71A2-4EFE-AD31-50C1CA806723}.Debug|x86.Build.0 = Debug|Win32
		{F013E54D-71A2-4EFE-AD31-50C1CA806723}.Release|x64.ActiveCfg = Release|x64
		{F013E54D-71A2-4EFE-AD31-50C1CA806723}.Release|x64.Build.0 = Release|x64
		{F013E54D-71A2-4EFE-AD31-50C1CA806723}.Release|x86.ActiveCfg = Release|Win32
		{F013E54D-71A2-4EFE-AD31-50C1CA806723}.Release|x86.Build.0 = Release|Win32
		{815652E5-56A4-4828-A70E-A91879049756}.Debug|x64.ActiveCfg = Debug|x64
		{815652E5-56A4-4828-A70E-A91879049756}.Debug|x64.Build.0 = Debug|x64
		{815652E5-56A4-4828-A70E-A91879049756}.Debug|x86.ActiveCfg = Debug|Win32
		{815652E5-56A4-4828-A70E-A91879049756}.Debug|x86.Build.0 = Debug|Win32
		{815652E5-56A4-4828-A70E-A91879049756}.Release|x64.ActiveCfg = Release|x64
		{815652E5-56A4-4828-A70E-A91879049756}.Release|x64.Build.0 = Release|x64
		{815652E5-56A4-4828-A70E-A91879049756}.Release|x86.ActiveCfg = Release|Win32
		{815652E5-56A4-4828-A70E-A91879049756}.Release|x86.Build.0 = Release|Win32
		{46D80B90-0ACE-4DCB-AE43-05765C34B1AE}.Debug|x64.ActiveCfg = Debug|x64
		{46D80B90-0ACE-4DCB-AE43-05765C34B1AE}.Debug|x64.Build.0 = Debug|x64
		{46D80B90-0ACE-4DCB-AE43-05765C34B1AE}.Debug|x86.ActiveCfg = Debug|Win32
		{46D80B90-0ACE-4DCB-AE43-05765C34B1AE}.Debug|x86.Build.0 = Debug|Win32
		{46D80B90-0ACE-4DCB-AE43-05765C34B1AE}.Release|x64.ActiveCfg = Release|x64
		{46D80B90-0ACE-4DCB-AE43-05765C34B1AE}.Release|x64.Build.0 = Release|x64
		{46D80B90-0ACE-4DCB-AE43-05765C34B1AE}.Release|x86.ActiveCfg = Release|Win32
		{46D80B90-0ACE-4DCB-AE43-05765C34B1AE}.Release|x86.Build.0 = Release|Win32
		{FE27380E-828E-4A49-8FAB-5D00C03205F3}.Debug|x64.ActiveCfg = Debug|x64
		{FE27380E-828E-4A49-8FAB-5D00C03205F3}.Debug|x64.Build.0 = Debug|x64
		{FE27380E-828E-4A49-8FAB-5D00C03205F3}.Debug|x86.ActiveCfg = Debug|Win32
		{FE27380E-828E-4A49-8FAB-5D00C03205F3}.Debug|x86.Build.0 = Debug|Win32
		{FE27380E-828E-4A49-8FAB-5D00C03205F3}.Release|x64.ActiveCfg = Release|x64
		{FE27380E-828E-4A49-8FAB-5D00C03205F3}.Release|x64.Build.0 = Release|x64
		{FE27380E-828E-4A49-8FAB-5D00C03205F3}.Release|x86.ActiveCfg = Release|Win32
		{FE27380E-828E-4A49-8FAB-5D00C03205F3}.Release|x86.Build.0 = Release|Win32
	EndGlobalSection
	GlobalSection(SolutionProperties) = preSolution
		HideSolutionNode = FALSE
	EndGlobalSection
EndGlobal
